
Microsoft Visual Studio Solution File, Format Version 12.00
# Visual Studio 15
VisualStudioVersion = 15.0.28307.1433
MinimumVisualStudioVersion = 10.0.40219.1
Project("{6989167D-11E4-40FE-8C1A-2192A86A7E90}") = "lcm", "lcm.vfproj", "{AD18471B-1906-494D-BA5F-D4EC1765416E}"
EndProject
Global
	GlobalSection(SolutionConfigurationPlatforms) = preSolution
		Debug|x64 = Debug|x64
		Debug|x86 = Debug|x86
		Release|x64 = Release|x64
		Release|x86 = Release|x86
	EndGlobalSection
	GlobalSection(ProjectConfigurationPlatforms) = postSolution
		{AD18471B-1906-494D-BA5F-D4EC1765416E}.Debug|x64.ActiveCfg = Debug|x64
		{AD18471B-1906-494D-BA5F-D4EC1765416E}.Debug|x64.Build.0 = Debug|x64
		{AD18471B-1906-494D-BA5F-D4EC1765416E}.Debug|x86.ActiveCfg = Debug|Win32
		{AD18471B-1906-494D-BA5F-D4EC1765416E}.Debug|x86.Build.0 = Debug|Win32
		{AD18471B-1906-494D-BA5F-D4EC1765416E}.Release|x64.ActiveCfg = Release|x64
		{AD18471B-1906-494D-BA5F-D4EC1765416E}.Release|x64.Build.0 = Release|x64
		{AD18471B-1906-494D-BA5F-D4EC1765416E}.Release|x86.ActiveCfg = Release|x64
		{AD18471B-1906-494D-BA5F-D4EC1765416E}.Release|x86.Build.0 = Release|x64
	EndGlobalSection
	GlobalSection(SolutionProperties) = preSolution
		HideSolutionNode = FALSE
	EndGlobalSection
	GlobalSection(ExtensibilityGlobals) = postSolution
		SolutionGuid = {E827FCC6-B6AC-46F5-8B55-A4DEE279657B}
	EndGlobalSection
EndGlobal
